
Microsoft Visual Studio Solution File, Format Version 12.00
# Visual Studio Version 17
VisualStudioVersion = 17.1.32328.378
MinimumVisualStudioVersion = 10.0.40219.1
Project("{9092AA53-FB77-4645-B42D-1CCCA6BD08BD}") = "Whapi", "Whapi.njsproj", "{ECE95307-8990-4380-AD67-5F48EA7E728B}"
EndProject
Global
	GlobalSection(SolutionConfigurationPlatforms) = preSolution
		Debug|Any CPU = Debug|Any CPU
		Release|Any CPU = Release|Any CPU
	EndGlobalSection
	GlobalSection(ProjectConfigurationPlatforms) = postSolution
		{ECE95307-8990-4380-AD67-5F48EA7E728B}.Debug|Any CPU.ActiveCfg = Debug|Any CPU
		{ECE95307-8990-4380-AD67-5F48EA7E728B}.Debug|Any CPU.Build.0 = Debug|Any CPU
		{ECE95307-8990-4380-AD67-5F48EA7E728B}.Release|Any CPU.ActiveCfg = Release|Any CPU
		{ECE95307-8990-4380-AD67-5F48EA7E728B}.Release|Any CPU.Build.0 = Release|Any CPU
	EndGlobalSection
	GlobalSection(SolutionProperties) = preSolution
		HideSolutionNode = FALSE
	EndGlobalSection
	GlobalSection(ExtensibilityGlobals) = postSolution
		SolutionGuid = {D704F7AF-35AB-4137-8B6B-E588D845937F}
	EndGlobalSection
EndGlobal
